
Microsoft Visual Studio Solution File, Format Version 12.00
# Visual Studio Version 17
VisualStudioVersion = 17.4.33122.133
MinimumVisualStudioVersion = 10.0.40219.1
Project("{FAE04EC0-301F-11D3-BF4B-00C04F79EFBC}") = "exam_6_aruuke_maratova", "exam_6_aruuke_maratova.csproj", "{5BD1C2C7-76A3-462B-8003-9EE91ABDDCCF}"
EndProject
Global
	GlobalSection(SolutionConfigurationPlatforms) = preSolution
		Debug|Any CPU = Debug|Any CPU
		Release|Any CPU = Release|Any CPU
	EndGlobalSection
	GlobalSection(ProjectConfigurationPlatforms) = postSolution
		{5BD1C2C7-76A3-462B-8003-9EE91ABDDCCF}.Debug|Any CPU.ActiveCfg = Debug|Any CPU
		{5BD1C2C7-76A3-462B-8003-9EE91ABDDCCF}.Debug|Any CPU.Build.0 = Debug|Any CPU
		{5BD1C2C7-76A3-462B-8003-9EE91ABDDCCF}.Release|Any CPU.ActiveCfg = Release|Any CPU
		{5BD1C2C7-76A3-462B-8003-9EE91ABDDCCF}.Release|Any CPU.Build.0 = Release|Any CPU
	EndGlobalSection
	GlobalSection(SolutionProperties) = preSolution
		HideSolutionNode = FALSE
	EndGlobalSection
	GlobalSection(ExtensibilityGlobals) = postSolution
		SolutionGuid = {29BFF8C5-FA6A-4890-8A49-EB77B565F361}
	EndGlobalSection
EndGlobal
